
Microsoft Visual Studio Solution File, Format Version 12.00
# Visual Studio Version 16
VisualStudioVersion = 16.0.29728.190
MinimumVisualStudioVersion = 10.0.40219.1
Project("{FAE04EC0-301F-11D3-BF4B-00C04F79EFBC}") = "BIHub", "BIHub\BIHub.csproj", "{B13FF5E5-05A4-4FA1-A7AF-895845FEF21D}"
EndProject
Global
	GlobalSection(SolutionConfigurationPlatforms) = preSolution
		Debug|Any CPU = Debug|Any CPU
		Release|Any CPU = Release|Any CPU
	EndGlobalSection
	GlobalSection(ProjectConfigurationPlatforms) = postSolution
		{B13FF5E5-05A4-4FA1-A7AF-895845FEF21D}.Debug|Any CPU.ActiveCfg = Debug|Any CPU
		{B13FF5E5-05A4-4FA1-A7AF-895845FEF21D}.Debug|Any CPU.Build.0 = Debug|Any CPU
		{B13FF5E5-05A4-4FA1-A7AF-895845FEF21D}.Release|Any CPU.ActiveCfg = Release|Any CPU
		{B13FF5E5-05A4-4FA1-A7AF-895845FEF21D}.Release|Any CPU.Build.0 = Release|Any CPU
	EndGlobalSection
	GlobalSection(SolutionProperties) = preSolution
		HideSolutionNode = FALSE
	EndGlobalSection
	GlobalSection(ExtensibilityGlobals) = postSolution
		SolutionGuid = {0AC8ED16-9D18-47E4-AC31-32CAFF2D67F2}
	EndGlobalSection
EndGlobal
